// !$*UTF8*$!
{
	archiveVersion = 1;
	classes = {
	};
	objectVersion = 53;
	objects = {

/* Begin PBXBuildFile section */
		A98A734E2992107000A90CD6 /* main.swift in Sources */ = {isa = PBXBuildFile; fileRef = A98A734D2992107000A90CD6 /* main.swift */; };
		A98A73642994BC6E00A90CD6 /* BaseBlock.swift in Sources */ = {isa = PBXBuildFile; fileRef = A98A73632994BC6E00A90CD6 /* BaseBlock.swift */; };
		A9ADE0FD2994D31C0086A7C3 /* BaseBlock.swift in Sources */ = {isa = PBXBuildFile; fileRef = A98A73632994BC6E00A90CD6 /* BaseBlock.swift */; };
		A9ADE0FF2994D32A0086A7C3 /* BaseBlockTest.swift in Sources */ = {isa = PBXBuildFile; fileRef = A9ADE0FE2994D32A0086A7C3 /* BaseBlockTest.swift */; };
/* End PBXBuildFile section */

/* Begin PBXCopyFilesBuildPhase section */
		A98A73482992107000A90CD6 /* CopyFiles */ = {
			isa = PBXCopyFilesBuildPhase;
			buildActionMask = 2147483647;
			dstPath = /usr/share/man/man1/;
			dstSubfolderSpec = 0;
			files = (
			);
			runOnlyForDeploymentPostprocessing = 1;
		};
/* End PBXCopyFilesBuildPhase section */

/* Begin PBXFileReference section */
		A98A734A2992107000A90CD6 /* edid-read */ = {isa = PBXFileReference; explicitFileType = "compiled.mach-o.executable"; includeInIndex = 0; path = "edid-read"; sourceTree = BUILT_PRODUCTS_DIR; };
		A98A734D2992107000A90CD6 /* main.swift */ = {isa = PBXFileReference; lastKnownFileType = sourcecode.swift; path = main.swift; sourceTree = "<group>"; };
		A98A73632994BC6E00A90CD6 /* BaseBlock.swift */ = {isa = PBXFileReference; lastKnownFileType = sourcecode.swift; path = BaseBlock.swift; sourceTree = "<group>"; };
		A9ADE0F62994D3160086A7C3 /* edid-read Tests.xctest */ = {isa = PBXFileReference; explicitFileType = wrapper.cfbundle; includeInIndex = 0; path = "edid-read Tests.xctest"; sourceTree = BUILT_PRODUCTS_DIR; };
		A9ADE0FE2994D32A0086A7C3 /* BaseBlockTest.swift */ = {isa = PBXFileReference; lastKnownFileType = sourcecode.swift; path = BaseBlockTest.swift; sourceTree = "<group>"; };
/* End PBXFileReference section */

/* Begin PBXFrameworksBuildPhase section */
		A98A73472992107000A90CD6 /* Frameworks */ = {
			isa = PBXFrameworksBuildPhase;
			buildActionMask = 2147483647;
			files = (
			);
			runOnlyForDeploymentPostprocessing = 0;
		};
		A9ADE0F32994D3160086A7C3 /* Frameworks */ = {
			isa = PBXFrameworksBuildPhase;
			buildActionMask = 2147483647;
			files = (
			);
			runOnlyForDeploymentPostprocessing = 0;
		};
/* End PBXFrameworksBuildPhase section */

/* Begin PBXGroup section */
		A98A73412992107000A90CD6 = {
			isa = PBXGroup;
			children = (
				A98A734C2992107000A90CD6 /* edid-read */,
				A9ADE0F72994D3160086A7C3 /* edid-read Tests */,
				A98A734B2992107000A90CD6 /* Products */,
			);
			sourceTree = "<group>";
			usesTabs = 0;
		};
		A98A734B2992107000A90CD6 /* Products */ = {
			isa = PBXGroup;
			children = (
				A98A734A2992107000A90CD6 /* edid-read */,
				A9ADE0F62994D3160086A7C3 /* edid-read Tests.xctest */,
			);
			name = Products;
			sourceTree = "<group>";
		};
		A98A734C2992107000A90CD6 /* edid-read */ = {
			isa = PBXGroup;
			children = (
				A98A734D2992107000A90CD6 /* main.swift */,
				A98A73632994BC6E00A90CD6 /* BaseBlock.swift */,
			);
			path = "edid-read";
			sourceTree = "<group>";
		};
		A9ADE0F72994D3160086A7C3 /* edid-read Tests */ = {
			isa = PBXGroup;
			children = (
				A9ADE0FE2994D32A0086A7C3 /* BaseBlockTest.swift */,
			);
			path = "edid-read Tests";
			sourceTree = "<group>";
		};
/* End PBXGroup section */

/* Begin PBXNativeTarget section */
		A98A73492992107000A90CD6 /* edid-read */ = {
			isa = PBXNativeTarget;
			buildConfigurationList = A98A73512992107000A90CD6 /* Build configuration list for PBXNativeTarget "edid-read" */;
			buildPhases = (
				A98A73462992107000A90CD6 /* Sources */,
				A98A73472992107000A90CD6 /* Frameworks */,
				A98A73482992107000A90CD6 /* CopyFiles */,
			);
			buildRules = (
			);
			dependencies = (
			);
			name = "edid-read";
			productName = "edid-read";
			productReference = A98A734A2992107000A90CD6 /* edid-read */;
			productType = "com.apple.product-type.tool";
		};
		A9ADE0F52994D3160086A7C3 /* edid-read Tests */ = {
			isa = PBXNativeTarget;
			buildConfigurationList = A9ADE0FC2994D3160086A7C3 /* Build configuration list for PBXNativeTarget "edid-read Tests" */;
			buildPhases = (
				A9ADE0F22994D3160086A7C3 /* Sources */,
				A9ADE0F32994D3160086A7C3 /* Frameworks */,
				A9ADE0F42994D3160086A7C3 /* Resources */,
			);
			buildRules = (
			);
			dependencies = (
			);
			name = "edid-read Tests";
			productName = "edid-read Tests";
			productReference = A9ADE0F62994D3160086A7C3 /* edid-read Tests.xctest */;
			productType = "com.apple.product-type.bundle.unit-test";
		};
/* End PBXNativeTarget section */

/* Begin PBXProject section */
		A98A73422992107000A90CD6 /* Project object */ = {
			isa = PBXProject;
			attributes = {
				BuildIndependentTargetsInParallel = 1;
				LastSwiftUpdateCheck = 1420;
				LastUpgradeCheck = 1420;
				TargetAttributes = {
					A98A73492992107000A90CD6 = {
						CreatedOnToolsVersion = 14.2;
					};
					A9ADE0F52994D3160086A7C3 = {
						CreatedOnToolsVersion = 14.2;
					};
				};
			};
			buildConfigurationList = A98A73452992107000A90CD6 /* Build configuration list for PBXProject "edid-read" */;
			compatibilityVersion = "Xcode 10.0";
			developmentRegion = en;
			hasScannedForEncodings = 0;
			knownRegions = (
				en,
				Base,
			);
			mainGroup = A98A73412992107000A90CD6;
			productRefGroup = A98A734B2992107000A90CD6 /* Products */;
			projectDirPath = "";
			projectRoot = "";
			targets = (
				A98A73492992107000A90CD6 /* edid-read */,
				A9ADE0F52994D3160086A7C3 /* edid-read Tests */,
			);
		};
/* End PBXProject section */

/* Begin PBXResourcesBuildPhase section */
		A9ADE0F42994D3160086A7C3 /* Resources */ = {
			isa = PBXResourcesBuildPhase;
			buildActionMask = 2147483647;
			files = (
			);
			runOnlyForDeploymentPostprocessing = 0;
		};
/* End PBXResourcesBuildPhase section */

/* Begin PBXSourcesBuildPhase section */
		A98A73462992107000A90CD6 /* Sources */ = {
			isa = PBXSourcesBuildPhase;
			buildActionMask = 2147483647;
			files = (
				A98A73642994BC6E00A90CD6 /* BaseBlock.swift in Sources */,
				A98A734E2992107000A90CD6 /* main.swift in Sources */,
			);
			runOnlyForDeploymentPostprocessing = 0;
		};
		A9ADE0F22994D3160086A7C3 /* Sources */ = {
			isa = PBXSourcesBuildPhase;
			buildActionMask = 2147483647;
			files = (
				A9ADE0FD2994D31C0086A7C3 /* BaseBlock.swift in Sources */,
				A9ADE0FF2994D32A0086A7C3 /* BaseBlockTest.swift in Sources */,
			);
			runOnlyForDeploymentPostprocessing = 0;
		};
/* End PBXSourcesBuildPhase section */

/* Begin XCBuildConfiguration section */
		A98A734F2992107000A90CD6 /* Debug */ = {
			isa = XCBuildConfiguration;
			buildSettings = {
				ALWAYS_SEARCH_USER_PATHS = NO;
				CLANG_ANALYZER_NONNULL = YES;
				CLANG_ANALYZER_NUMBER_OBJECT_CONVERSION = YES_AGGRESSIVE;
				CLANG_CXX_LANGUAGE_STANDARD = "gnu++20";
				CLANG_ENABLE_MODULES = YES;
				CLANG_ENABLE_OBJC_ARC = YES;
				CLANG_ENABLE_OBJC_WEAK = YES;
				CLANG_WARN_BLOCK_CAPTURE_AUTORELEASING = YES;
				CLANG_WARN_BOOL_CONVERSION = YES;
				CLANG_WARN_COMMA = YES;
				CLANG_WARN_CONSTANT_CONVERSION = YES;
				CLANG_WARN_DEPRECATED_OBJC_IMPLEMENTATIONS = YES;
				CLANG_WARN_DIRECT_OBJC_ISA_USAGE = YES_ERROR;
				CLANG_WARN_DOCUMENTATION_COMMENTS = YES;
				CLANG_WARN_EMPTY_BODY = YES;
				CLANG_WARN_ENUM_CONVERSION = YES;
				CLANG_WARN_INFINITE_RECURSION = YES;
				CLANG_WARN_INT_CONVERSION = YES;
				CLANG_WARN_NON_LITERAL_NULL_CONVERSION = YES;
				CLANG_WARN_OBJC_IMPLICIT_RETAIN_SELF = YES;
				CLANG_WARN_OBJC_LITERAL_CONVERSION = YES;
				CLANG_WARN_OBJC_ROOT_CLASS = YES_ERROR;
				CLANG_WARN_QUOTED_INCLUDE_IN_FRAMEWORK_HEADER = YES;
				CLANG_WARN_RANGE_LOOP_ANALYSIS = YES;
				CLANG_WARN_STRICT_PROTOTYPES = YES;
				CLANG_WARN_SUSPICIOUS_MOVE = YES;
				CLANG_WARN_UNGUARDED_AVAILABILITY = YES_AGGRESSIVE;
				CLANG_WARN_UNREACHABLE_CODE = YES;
				CLANG_WARN__DUPLICATE_METHOD_MATCH = YES;
				COPY_PHASE_STRIP = NO;
				DEBUG_INFORMATION_FORMAT = dwarf;
				ENABLE_STRICT_OBJC_MSGSEND = YES;
				ENABLE_TESTABILITY = YES;
				GCC_C_LANGUAGE_STANDARD = gnu11;
				GCC_DYNAMIC_NO_PIC = NO;
				GCC_NO_COMMON_BLOCKS = YES;
				GCC_OPTIMIZATION_LEVEL = 0;
				GCC_PREPROCESSOR_DEFINITIONS = (
					"DEBUG=1",
					"$(inherited)",
				);
				GCC_WARN_64_TO_32_BIT_CONVERSION = YES;
				GCC_WARN_ABOUT_RETURN_TYPE = YES_ERROR;
				GCC_WARN_UNDECLARED_SELECTOR = YES;
				GCC_WARN_UNINITIALIZED_AUTOS = YES_AGGRESSIVE;
				GCC_WARN_UNUSED_FUNCTION = YES;
				GCC_WARN_UNUSED_VARIABLE = YES;
				MACOSX_DEPLOYMENT_TARGET = 13.1;
				MTL_ENABLE_DEBUG_INFO = INCLUDE_SOURCE;
				MTL_FAST_MATH = YES;
				ONLY_ACTIVE_ARCH = YES;
				SDKROOT = macosx;
				SWIFT_ACTIVE_COMPILATION_CONDITIONS = DEBUG;
				SWIFT_OPTIMIZATION_LEVEL = "-Onone";
			};
			name = Debug;
		};
		A98A73502992107000A90CD6 /* Release */ = {
			isa = XCBuildConfiguration;
			buildSettings = {
				ALWAYS_SEARCH_USER_PATHS = NO;
				CLANG_ANALYZER_NONNULL = YES;
				CLANG_ANALYZER_NUMBER_OBJECT_CONVERSION = YES_AGGRESSIVE;
				CLANG_CXX_LANGUAGE_STANDARD = "gnu++20";
				CLANG_ENABLE_MODULES = YES;
				CLANG_ENABLE_OBJC_ARC = YES;
				CLANG_ENABLE_OBJC_WEAK = YES;
				CLANG_WARN_BLOCK_CAPTURE_AUTORELEASING = YES;
				CLANG_WARN_BOOL_CONVERSION = YES;
				CLANG_WARN_COMMA = YES;
				CLANG_WARN_CONSTANT_CONVERSION = YES;
				CLANG_WARN_DEPRECATED_OBJC_IMPLEMENTATIONS = YES;
				CLANG_WARN_DIRECT_OBJC_ISA_USAGE = YES_ERROR;
				CLANG_WARN_DOCUMENTATION_COMMENTS = YES;
				CLANG_WARN_EMPTY_BODY = YES;
				CLANG_WARN_ENUM_CONVERSION = YES;
				CLANG_WARN_INFINITE_RECURSION = YES;
				CLANG_WARN_INT_CONVERSION = YES;
				CLANG_WARN_NON_LITERAL_NULL_CONVERSION = YES;
				CLANG_WARN_OBJC_IMPLICIT_RETAIN_SELF = YES;
				CLANG_WARN_OBJC_LITERAL_CONVERSION = YES;
				CLANG_WARN_OBJC_ROOT_CLASS = YES_ERROR;
				CLANG_WARN_QUOTED_INCLUDE_IN_FRAMEWORK_HEADER = YES;
				CLANG_WARN_RANGE_LOOP_ANALYSIS = YES;
				CLANG_WARN_STRICT_PROTOTYPES = YES;
				CLANG_WARN_SUSPICIOUS_MOVE = YES;
				CLANG_WARN_UNGUARDED_AVAILABILITY = YES_AGGRESSIVE;
				CLANG_WARN_UNREACHABLE_CODE = YES;
				CLANG_WARN__DUPLICATE_METHOD_MATCH = YES;
				COPY_PHASE_STRIP = NO;
				DEBUG_INFORMATION_FORMAT = "dwarf-with-dsym";
				ENABLE_NS_ASSERTIONS = NO;
				ENABLE_STRICT_OBJC_MSGSEND = YES;
				GCC_C_LANGUAGE_STANDARD = gnu11;
				GCC_NO_COMMON_BLOCKS = YES;
				GCC_WARN_64_TO_32_BIT_CONVERSION = YES;
				GCC_WARN_ABOUT_RETURN_TYPE = YES_ERROR;
				GCC_WARN_UNDECLARED_SELECTOR = YES;
				GCC_WARN_UNINITIALIZED_AUTOS = YES_AGGRESSIVE;
				GCC_WARN_UNUSED_FUNCTION = YES;
				GCC_WARN_UNUSED_VARIABLE = YES;
				MACOSX_DEPLOYMENT_TARGET = 13.1;
				MTL_ENABLE_DEBUG_INFO = NO;
				MTL_FAST_MATH = YES;
				SDKROOT = macosx;
				SWIFT_COMPILATION_MODE = wholemodule;
				SWIFT_OPTIMIZATION_LEVEL = "-O";
			};
			name = Release;
		};
		A98A73522992107000A90CD6 /* Debug */ = {
			isa = XCBuildConfiguration;
			buildSettings = {
				CODE_SIGN_STYLE = Automatic;
				DEVELOPMENT_TEAM = R7A9796S7S;
				ENABLE_HARDENED_RUNTIME = YES;
				PRODUCT_NAME = "$(TARGET_NAME)";
				SWIFT_VERSION = 5.0;
			};
			name = Debug;
		};
		A98A73532992107000A90CD6 /* Release */ = {
			isa = XCBuildConfiguration;
			buildSettings = {
				CODE_SIGN_STYLE = Automatic;
				DEVELOPMENT_TEAM = R7A9796S7S;
				ENABLE_HARDENED_RUNTIME = YES;
				PRODUCT_NAME = "$(TARGET_NAME)";
				SWIFT_VERSION = 5.0;
			};
			name = Release;
		};
		A9ADE0FA2994D3160086A7C3 /* Debug */ = {
			isa = XCBuildConfiguration;
			buildSettings = {
				CODE_SIGN_STYLE = Automatic;
				CURRENT_PROJECT_VERSION = 1;
				DEVELOPMENT_TEAM = R7A9796S7S;
				GENERATE_INFOPLIST_FILE = YES;
				MARKETING_VERSION = 1.0;
				PRODUCT_BUNDLE_IDENTIFIER = "com.jlw.edid-read-Tests";
				PRODUCT_NAME = "$(TARGET_NAME)";
				SWIFT_EMIT_LOC_STRINGS = NO;
				SWIFT_VERSION = 5.0;
			};
			name = Debug;
		};
		A9ADE0FB2994D3160086A7C3 /* Release */ = {
			isa = XCBuildConfiguration;
			buildSettings = {
				CODE_SIGN_STYLE = Automatic;
				CURRENT_PROJECT_VERSION = 1;
				DEVELOPMENT_TEAM = R7A9796S7S;
				GENERATE_INFOPLIST_FILE = YES;
				MARKETING_VERSION = 1.0;
				PRODUCT_BUNDLE_IDENTIFIER = "com.jlw.edid-read-Tests";
				PRODUCT_NAME = "$(TARGET_NAME)";
				SWIFT_EMIT_LOC_STRINGS = NO;
				SWIFT_VERSION = 5.0;
			};
			name = Release;
		};
/* End XCBuildConfiguration section */

/* Begin XCConfigurationList section */
		A98A73452992107000A90CD6 /* Build configuration list for PBXProject "edid-read" */ = {
			isa = XCConfigurationList;
			buildConfigurations = (
				A98A734F2992107000A90CD6 /* Debug */,
				A98A73502992107000A90CD6 /* Release */,
			);
			defaultConfigurationIsVisible = 0;
			defaultConfigurationName = Release;
		};
		A98A73512992107000A90CD6 /* Build configuration list for PBXNativeTarget "edid-read" */ = {
			isa = XCConfigurationList;
			buildConfigurations = (
				A98A73522992107000A90CD6 /* Debug */,
				A98A73532992107000A90CD6 /* Release */,
			);
			defaultConfigurationIsVisible = 0;
			defaultConfigurationName = Release;
		};
		A9ADE0FC2994D3160086A7C3 /* Build configuration list for PBXNativeTarget "edid-read Tests" */ = {
			isa = XCConfigurationList;
			buildConfigurations = (
				A9ADE0FA2994D3160086A7C3 /* Debug */,
				A9ADE0FB2994D3160086A7C3 /* Release */,
			);
			defaultConfigurationIsVisible = 0;
			defaultConfigurationName = Release;
		};
/* End XCConfigurationList section */
	};
	rootObject = A98A73422992107000A90CD6 /* Project object */;
}
